
Microsoft Visual Studio Solution File, Format Version 12.00
# Visual Studio 15
VisualStudioVersion = 15.0.28307.438
MinimumVisualStudioVersion = 10.0.40219.1
Project("{FAE04EC0-301F-11D3-BF4B-00C04F79EFBC}") = "potvrda", "potvrda\potvrda.csproj", "{E7012CC9-05B3-4572-B1FE-01ABBE003F72}"
EndProject
Global
	GlobalSection(SolutionConfigurationPlatforms) = preSolution
		Debug|Any CPU = Debug|Any CPU
		Release|Any CPU = Release|Any CPU
	EndGlobalSection
	GlobalSection(ProjectConfigurationPlatforms) = postSolution
		{E7012CC9-05B3-4572-B1FE-01ABBE003F72}.Debug|Any CPU.ActiveCfg = Debug|Any CPU
		{E7012CC9-05B3-4572-B1FE-01ABBE003F72}.Debug|Any CPU.Build.0 = Debug|Any CPU
		{E7012CC9-05B3-4572-B1FE-01ABBE003F72}.Release|Any CPU.ActiveCfg = Release|Any CPU
		{E7012CC9-05B3-4572-B1FE-01ABBE003F72}.Release|Any CPU.Build.0 = Release|Any CPU
	EndGlobalSection
	GlobalSection(SolutionProperties) = preSolution
		HideSolutionNode = FALSE
	EndGlobalSection
	GlobalSection(ExtensibilityGlobals) = postSolution
		SolutionGuid = {94971076-C1EB-486A-9218-C3105FC11861}
	EndGlobalSection
EndGlobal
